
Microsoft Visual Studio Solution File, Format Version 12.00
# Visual Studio Version 16
VisualStudioVersion = 16.0.31229.75
MinimumVisualStudioVersion = 10.0.40219.1
Project("{9A19103F-16F7-4668-BE54-9A1E7A4F7556}") = "TMD1", "TMD1\TMD1.csproj", "{17E93EF6-553B-4C7E-A3B6-B1596B7ECD18}"
EndProject
Project("{9A19103F-16F7-4668-BE54-9A1E7A4F7556}") = "TMD2", "TMD2\TMD2.csproj", "{15623C2B-445C-4A53-A5B6-EB59052A7820}"
EndProject
Project("{9A19103F-16F7-4668-BE54-9A1E7A4F7556}") = "TMD3", "TMD3\TMD3.csproj", "{8B0E6590-913E-428F-9AE7-A7F9A3A64512}"
EndProject
Project("{9A19103F-16F7-4668-BE54-9A1E7A4F7556}") = "FILE", "FILE\FILE.csproj", "{AC1315F7-7A9C-40C4-9ED5-AABF46991E3C}"
EndProject
Project("{9A19103F-16F7-4668-BE54-9A1E7A4F7556}") = "MODELLEME", "MODELLEME\MODELLEME.csproj", "{A8F1124C-A6B0-4ADB-BDE7-D1CA094A8F85}"
EndProject
Project("{2150E333-8FDC-42A3-9474-1A3956D46DE8}") = "Cizim", "Cizim", "{07698F36-A4AF-488F-BE43-3BC57851048C}"
EndProject
Project("{9A19103F-16F7-4668-BE54-9A1E7A4F7556}") = "Cizim", "Cizim\Cizim.csproj", "{AC208688-005A-46A5-85D8-ADFF2C8284D5}"
EndProject
Project("{9A19103F-16F7-4668-BE54-9A1E7A4F7556}") = "Banka", "Banka\Banka.csproj", "{23A3F9A1-9D3F-4182-83C7-2329917DD855}"
EndProject
Project("{FAE04EC0-301F-11D3-BF4B-00C04F79EFBC}") = "COLL", "COLL\COLL.csproj", "{89079DDB-D9AB-4954-BD02-7878762B155B}"
EndProject
Global
	GlobalSection(SolutionConfigurationPlatforms) = preSolution
		Debug|Any CPU = Debug|Any CPU
		Release|Any CPU = Release|Any CPU
	EndGlobalSection
	GlobalSection(ProjectConfigurationPlatforms) = postSolution
		{17E93EF6-553B-4C7E-A3B6-B1596B7ECD18}.Debug|Any CPU.ActiveCfg = Debug|Any CPU
		{17E93EF6-553B-4C7E-A3B6-B1596B7ECD18}.Debug|Any CPU.Build.0 = Debug|Any CPU
		{17E93EF6-553B-4C7E-A3B6-B1596B7ECD18}.Release|Any CPU.ActiveCfg = Release|Any CPU
		{17E93EF6-553B-4C7E-A3B6-B1596B7ECD18}.Release|Any CPU.Build.0 = Release|Any CPU
		{15623C2B-445C-4A53-A5B6-EB59052A7820}.Debug|Any CPU.ActiveCfg = Debug|Any CPU
		{15623C2B-445C-4A53-A5B6-EB59052A7820}.Debug|Any CPU.Build.0 = Debug|Any CPU
		{15623C2B-445C-4A53-A5B6-EB59052A7820}.Release|Any CPU.ActiveCfg = Release|Any CPU
		{15623C2B-445C-4A53-A5B6-EB59052A7820}.Release|Any CPU.Build.0 = Release|Any CPU
		{8B0E6590-913E-428F-9AE7-A7F9A3A64512}.Debug|Any CPU.ActiveCfg = Debug|Any CPU
		{8B0E6590-913E-428F-9AE7-A7F9A3A64512}.Debug|Any CPU.Build.0 = Debug|Any CPU
		{8B0E6590-913E-428F-9AE7-A7F9A3A64512}.Release|Any CPU.ActiveCfg = Release|Any CPU
		{8B0E6590-913E-428F-9AE7-A7F9A3A64512}.Release|Any CPU.Build.0 = Release|Any CPU
		{AC1315F7-7A9C-40C4-9ED5-AABF46991E3C}.Debug|Any CPU.ActiveCfg = Debug|Any CPU
		{AC1315F7-7A9C-40C4-9ED5-AABF46991E3C}.Debug|Any CPU.Build.0 = Debug|Any CPU
		{AC1315F7-7A9C-40C4-9ED5-AABF46991E3C}.Release|Any CPU.ActiveCfg = Release|Any CPU
		{AC1315F7-7A9C-40C4-9ED5-AABF46991E3C}.Release|Any CPU.Build.0 = Release|Any CPU
		{A8F1124C-A6B0-4ADB-BDE7-D1CA094A8F85}.Debug|Any CPU.ActiveCfg = Debug|Any CPU
		{A8F1124C-A6B0-4ADB-BDE7-D1CA094A8F85}.Debug|Any CPU.Build.0 = Debug|Any CPU
		{A8F1124C-A6B0-4ADB-BDE7-D1CA094A8F85}.Release|Any CPU.ActiveCfg = Release|Any CPU
		{A8F1124C-A6B0-4ADB-BDE7-D1CA094A8F85}.Release|Any CPU.Build.0 = Release|Any CPU
		{AC208688-005A-46A5-85D8-ADFF2C8284D5}.Debug|Any CPU.ActiveCfg = Debug|Any CPU
		{AC208688-005A-46A5-85D8-ADFF2C8284D5}.Debug|Any CPU.Build.0 = Debug|Any CPU
		{AC208688-005A-46A5-85D8-ADFF2C8284D5}.Release|Any CPU.ActiveCfg = Release|Any CPU
		{AC208688-005A-46A5-85D8-ADFF2C8284D5}.Release|Any CPU.Build.0 = Release|Any CPU
		{23A3F9A1-9D3F-4182-83C7-2329917DD855}.Debug|Any CPU.ActiveCfg = Debug|Any CPU
		{23A3F9A1-9D3F-4182-83C7-2329917DD855}.Debug|Any CPU.Build.0 = Debug|Any CPU
		{23A3F9A1-9D3F-4182-83C7-2329917DD855}.Release|Any CPU.ActiveCfg = Release|Any CPU
		{23A3F9A1-9D3F-4182-83C7-2329917DD855}.Release|Any CPU.Build.0 = Release|Any CPU
		{89079DDB-D9AB-4954-BD02-7878762B155B}.Debug|Any CPU.ActiveCfg = Debug|Any CPU
		{89079DDB-D9AB-4954-BD02-7878762B155B}.Debug|Any CPU.Build.0 = Debug|Any CPU
		{89079DDB-D9AB-4954-BD02-7878762B155B}.Release|Any CPU.ActiveCfg = Release|Any CPU
		{89079DDB-D9AB-4954-BD02-7878762B155B}.Release|Any CPU.Build.0 = Release|Any CPU
	EndGlobalSection
	GlobalSection(SolutionProperties) = preSolution
		HideSolutionNode = FALSE
	EndGlobalSection
	GlobalSection(NestedProjects) = preSolution
		{AC208688-005A-46A5-85D8-ADFF2C8284D5} = {07698F36-A4AF-488F-BE43-3BC57851048C}
	EndGlobalSection
	GlobalSection(ExtensibilityGlobals) = postSolution
		SolutionGuid = {C5C1B42F-10F4-4C1F-B8B1-BF18D15B4787}
	EndGlobalSection
EndGlobal
